{
  "version": 4,
  "terraform_version": "1.4.6",
  "serial": 237,
  "lineage": "9ade80a9-5bd5-9819-9fd0-1a3c19e7c173",
  "outputs": {},
  "resources": [
    {
      "mode": "managed",
      "type": "aws_cloudwatch_event_rule",
      "name": "unused-volumes-notify",
      "provider": "provider[\"registry.terraform.io/hashicorp/aws\"]",
      "instances": [
        {
          "schema_version": 0,
          "attributes": {
            "arn": "arn:aws:events:ap-south-1:937017766357:rule/unused-volumes-notify",
            "description": "Trigger receive notification at 6:54 pm IST ",
            "event_bus_name": "default",
            "event_pattern": null,
            "id": "unused-volumes-notify",
            "is_enabled": true,
            "name": "unused-volumes-notify",
            "name_prefix": "",
            "role_arn": "",
            "schedule_expression": "cron(24 13 ? * THUR *)",
            "tags": {},
            "tags_all": {}
          },
          "sensitive_attributes": [],
          "private": "bnVsbA=="
        }
      ]
    },
    {
      "mode": "managed",
      "type": "aws_cloudwatch_event_target",
      "name": "lambda-stop-func",
      "provider": "provider[\"registry.terraform.io/hashicorp/aws\"]",
      "instances": [
        {
          "schema_version": 1,
          "attributes": {
            "arn": "arn:aws:lambda:ap-south-1:937017766357:function:unused_volumes",
            "batch_target": [],
            "dead_letter_config": [],
            "ecs_target": [],
            "event_bus_name": "default",
            "http_target": [],
            "id": "unused-volumes-notify-unused_volumes",
            "input": "",
            "input_path": "",
            "input_transformer": [],
            "kinesis_target": [],
            "redshift_target": [],
            "retry_policy": [],
            "role_arn": "",
            "rule": "unused-volumes-notify",
            "run_command_targets": [],
            "sqs_target": [],
            "target_id": "unused_volumes"
          },
          "sensitive_attributes": [],
          "private": "eyJzY2hlbWFfdmVyc2lvbiI6IjEifQ==",
          "dependencies": [
            "aws_cloudwatch_event_rule.unused-volumes-notify",
            "aws_iam_role.lambda-role",
            "aws_lambda_function.unused-volumes"
          ]
        }
      ]
    },
    {
      "mode": "managed",
      "type": "aws_iam_policy",
      "name": "lambda-policy",
      "provider": "provider[\"registry.terraform.io/hashicorp/aws\"]",
      "instances": [
        {
          "schema_version": 0,
          "attributes": {
            "arn": "arn:aws:iam::937017766357:policy/unused-volumes-policy-new",
            "description": "",
            "id": "arn:aws:iam::937017766357:policy/unused-volumes-policy-new",
            "name": "unused-volumes-policy-new",
            "name_prefix": "",
            "path": "/",
            "policy": "{\"Statement\":[{\"Action\":[\"ec2:DescribeVolumeStatus\",\"sns:ListSubscriptionsByTopic\",\"sns:Publish\",\"sns:GetTopicAttributes\",\"ec2:DescribeVolumes\",\"logs:*\",\"sns:ListSubscriptions\",\"ec2:DescribeVolumeAttribute\"],\"Effect\":\"Allow\",\"Resource\":\"*\",\"Sid\":\"VisualEditor0\"}],\"Version\":\"2012-10-17\"}",
            "policy_id": "ANPA5UKU4OHKZD2LF44IG",
            "tags": {},
            "tags_all": {}
          },
          "sensitive_attributes": [],
          "private": "bnVsbA=="
        }
      ]
    },
    {
      "mode": "managed",
      "type": "aws_iam_role",
      "name": "lambda-role",
      "provider": "provider[\"registry.terraform.io/hashicorp/aws\"]",
      "instances": [
        {
          "schema_version": 0,
          "attributes": {
            "arn": "arn:aws:iam::937017766357:role/unused-volumes-role-new",
            "assume_role_policy": "{\"Statement\":[{\"Action\":\"sts:AssumeRole\",\"Effect\":\"Allow\",\"Principal\":{\"Service\":\"lambda.amazonaws.com\"},\"Sid\":\"\"}],\"Version\":\"2012-10-17\"}",
            "create_date": "2023-06-01T13:23:01Z",
            "description": "",
            "force_detach_policies": false,
            "id": "unused-volumes-role-new",
            "inline_policy": [],
            "managed_policy_arns": [
              "arn:aws:iam::937017766357:policy/unused-volumes-policy-new"
            ],
            "max_session_duration": 3600,
            "name": "unused-volumes-role-new",
            "name_prefix": "",
            "path": "/",
            "permissions_boundary": null,
            "role_last_used": [
              {
                "last_used_date": "2023-06-01T13:24:24Z",
                "region": "ap-south-1"
              }
            ],
            "tags": {
              "tag-key": "unused-volumes-role"
            },
            "tags_all": {
              "tag-key": "unused-volumes-role"
            },
            "unique_id": "AROA5UKU4OHKRGXBGKTL2"
          },
          "sensitive_attributes": [],
          "private": "bnVsbA=="
        }
      ]
    },
    {
      "mode": "managed",
      "type": "aws_iam_role_policy_attachment",
      "name": "lambda-ec2-policy-attach",
      "provider": "provider[\"registry.terraform.io/hashicorp/aws\"]",
      "instances": [
        {
          "schema_version": 0,
          "attributes": {
            "id": "unused-volumes-role-new-20230601132302886600000001",
            "policy_arn": "arn:aws:iam::937017766357:policy/unused-volumes-policy-new",
            "role": "unused-volumes-role-new"
          },
          "sensitive_attributes": [],
          "private": "bnVsbA==",
          "dependencies": [
            "aws_iam_policy.lambda-policy",
            "aws_iam_role.lambda-role"
          ]
        }
      ]
    },
    {
      "mode": "managed",
      "type": "aws_lambda_function",
      "name": "unused-volumes",
      "provider": "provider[\"registry.terraform.io/hashicorp/aws\"]",
      "instances": [
        {
          "schema_version": 0,
          "attributes": {
            "architectures": [
              "x86_64"
            ],
            "arn": "arn:aws:lambda:ap-south-1:937017766357:function:unused_volumes",
            "code_signing_config_arn": "",
            "dead_letter_config": [],
            "description": "",
            "environment": [],
            "ephemeral_storage": [
              {
                "size": 512
              }
            ],
            "file_system_config": [],
            "filename": "volumes_unused.zip",
            "function_name": "unused_volumes",
            "handler": "volumes_unused.lambda_handler",
            "id": "unused_volumes",
            "image_config": [],
            "image_uri": "",
            "invoke_arn": "arn:aws:apigateway:ap-south-1:lambda:path/2015-03-31/functions/arn:aws:lambda:ap-south-1:937017766357:function:unused_volumes/invocations",
            "kms_key_arn": "",
            "last_modified": "2023-06-01T13:23:25.156+0000",
            "layers": [],
            "memory_size": 128,
            "package_type": "Zip",
            "publish": false,
            "qualified_arn": "arn:aws:lambda:ap-south-1:937017766357:function:unused_volumes:$LATEST",
            "qualified_invoke_arn": "arn:aws:apigateway:ap-south-1:lambda:path/2015-03-31/functions/arn:aws:lambda:ap-south-1:937017766357:function:unused_volumes:$LATEST/invocations",
            "replace_security_groups_on_destroy": null,
            "replacement_security_group_ids": null,
            "reserved_concurrent_executions": -1,
            "role": "arn:aws:iam::937017766357:role/unused-volumes-role-new",
            "runtime": "python3.7",
            "s3_bucket": null,
            "s3_key": null,
            "s3_object_version": null,
            "signing_job_arn": "",
            "signing_profile_version_arn": "",
            "skip_destroy": false,
            "snap_start": [],
            "source_code_hash": "x4W9j9Edsnazy2kWn4bQhCoOcOH1+TzoE1gbImkWsUM=",
            "source_code_size": 446,
            "tags": {},
            "tags_all": {},
            "timeout": 63,
            "timeouts": null,
            "tracing_config": [
              {
                "mode": "PassThrough"
              }
            ],
            "version": "$LATEST",
            "vpc_config": []
          },
          "sensitive_attributes": [],
          "private": "eyJlMmJmYjczMC1lY2FhLTExZTYtOGY4OC0zNDM2M2JjN2M0YzAiOnsiY3JlYXRlIjo2MDAwMDAwMDAwMDAsImRlbGV0ZSI6NjAwMDAwMDAwMDAwLCJ1cGRhdGUiOjYwMDAwMDAwMDAwMH19",
          "dependencies": [
            "aws_iam_role.lambda-role"
          ]
        }
      ]
    },
    {
      "mode": "managed",
      "type": "aws_lambda_permission",
      "name": "allow_cloudwatch_unsused_volumes",
      "provider": "provider[\"registry.terraform.io/hashicorp/aws\"]",
      "instances": [
        {
          "schema_version": 0,
          "attributes": {
            "action": "lambda:InvokeFunction",
            "event_source_token": null,
            "function_name": "unused_volumes",
            "function_url_auth_type": null,
            "id": "AllowExecutionFromCloudWatchUnusedVolumes",
            "principal": "events.amazonaws.com",
            "principal_org_id": null,
            "qualifier": "",
            "source_account": null,
            "source_arn": "arn:aws:events:ap-south-1:937017766357:rule/unused-volumes-notify",
            "statement_id": "AllowExecutionFromCloudWatchUnusedVolumes",
            "statement_id_prefix": ""
          },
          "sensitive_attributes": [],
          "private": "bnVsbA==",
          "dependencies": [
            "aws_cloudwatch_event_rule.unused-volumes-notify",
            "aws_iam_role.lambda-role",
            "aws_lambda_function.unused-volumes"
          ]
        }
      ]
    },
    {
      "mode": "managed",
      "type": "aws_sns_topic",
      "name": "snstopic",
      "provider": "provider[\"registry.terraform.io/hashicorp/aws\"]",
      "instances": [
        {
          "schema_version": 0,
          "attributes": {
            "application_failure_feedback_role_arn": "",
            "application_success_feedback_role_arn": "",
            "application_success_feedback_sample_rate": 0,
            "arn": "arn:aws:sns:ap-south-1:937017766357:unused_volumes_notify",
            "content_based_deduplication": false,
            "delivery_policy": "",
            "display_name": "unused_volumes_notify",
            "fifo_topic": false,
            "firehose_failure_feedback_role_arn": "",
            "firehose_success_feedback_role_arn": "",
            "firehose_success_feedback_sample_rate": 0,
            "http_failure_feedback_role_arn": "",
            "http_success_feedback_role_arn": "",
            "http_success_feedback_sample_rate": 0,
            "id": "arn:aws:sns:ap-south-1:937017766357:unused_volumes_notify",
            "kms_master_key_id": "",
            "lambda_failure_feedback_role_arn": "",
            "lambda_success_feedback_role_arn": "",
            "lambda_success_feedback_sample_rate": 0,
            "name": "unused_volumes_notify",
            "name_prefix": "",
            "owner": "937017766357",
            "policy": "{\"Id\":\"__default_policy_ID\",\"Statement\":[{\"Action\":[\"SNS:GetTopicAttributes\",\"SNS:SetTopicAttributes\",\"SNS:AddPermission\",\"SNS:RemovePermission\",\"SNS:DeleteTopic\",\"SNS:Subscribe\",\"SNS:ListSubscriptionsByTopic\",\"SNS:Publish\"],\"Condition\":{\"StringEquals\":{\"AWS:SourceOwner\":\"937017766357\"}},\"Effect\":\"Allow\",\"Principal\":{\"AWS\":\"*\"},\"Resource\":\"arn:aws:sns:ap-south-1:937017766357:unused_volumes_notify\",\"Sid\":\"__default_statement_ID\"}],\"Version\":\"2008-10-17\"}",
            "signature_version": 0,
            "sqs_failure_feedback_role_arn": "",
            "sqs_success_feedback_role_arn": "",
            "sqs_success_feedback_sample_rate": 0,
            "tags": {
              "Name": "unused_volumes_notify_alerts"
            },
            "tags_all": {
              "Name": "unused_volumes_notify_alerts"
            },
            "tracing_config": ""
          },
          "sensitive_attributes": [],
          "private": "bnVsbA=="
        }
      ]
    },
    {
      "mode": "managed",
      "type": "aws_sns_topic_subscription",
      "name": "snstopicsubcription",
      "provider": "provider[\"registry.terraform.io/hashicorp/aws\"]",
      "instances": [
        {
          "schema_version": 0,
          "attributes": {
            "arn": "arn:aws:sns:ap-south-1:937017766357:unused_volumes_notify:9c590892-54d1-48eb-a2df-b1cf369cc6ca",
            "confirmation_timeout_in_minutes": 1,
            "confirmation_was_authenticated": false,
            "delivery_policy": "",
            "endpoint": "daris.salaam@ibm.com",
            "endpoint_auto_confirms": false,
            "filter_policy": "",
            "filter_policy_scope": "",
            "id": "arn:aws:sns:ap-south-1:937017766357:unused_volumes_notify:9c590892-54d1-48eb-a2df-b1cf369cc6ca",
            "owner_id": "937017766357",
            "pending_confirmation": true,
            "protocol": "email",
            "raw_message_delivery": false,
            "redrive_policy": "",
            "subscription_role_arn": "",
            "topic_arn": "arn:aws:sns:ap-south-1:937017766357:unused_volumes_notify"
          },
          "sensitive_attributes": [],
          "private": "bnVsbA==",
          "dependencies": [
            "aws_sns_topic.snstopic"
          ]
        }
      ]
    }
  ],
  "check_results": null
}
